schema: '2.0'
stages:
  build_manifests:
    cmd: python -m src.data_pipeline.manifests.batch_build --version-tag 
      dataset-v1.0
    deps:
    - path: dvc/params.yaml
      hash: md5
      md5: 14436078ac70bd176382e5dd28d90eb6
      size: 214
    - path: src/data_pipeline/manifests/batch_build.py
      hash: md5
      md5: cffeb99ab95e0401262c74198e637e7c
      size: 2460
    - path: src/data_pipeline/manifests/build.py
      hash: md5
      md5: d7be9668cdc7b46face5051f18c85ef2
      size: 15632
